<Solution>
  <Configurations>
    <Platform Name="Any CPU" />
    <Platform Name="x64" />
    <Platform Name="x86" />
  </Configurations>
  <Project Path="CoreTest/CoreTest.vbproj">
    <Platform Solution="*|x64" Project="x64" />
    <Platform Solution="Debug|x86" Project="x64" />
  </Project>
  <Project Path="CybosServer/CybosServer.vbproj">
    <Platform Solution="*|x64" Project="x64" />
    <Platform Solution="*|x86" Project="x86" />
  </Project>
  <Project Path="KiwoomServer/KiwoomServer.vbproj">
    <Platform Solution="*|x64" Project="x64" />
    <Platform Solution="*|x86" Project="x86" />
  </Project>
  <Project Path="MainApp/MainApp.vbproj">
    <Platform Solution="*|x64" Project="x64" />
    <Platform Solution="Debug|x86" Project="x64" />
  </Project>
  <Project Path="StrategyCore/StrategyCore.vbproj">
    <Platform Solution="*|x64" Project="x64" />
  </Project>
  <Project Path="StrategyLabApp/StrategyLabApp.vbproj">
    <Platform Solution="*|x64" Project="x64" />
  </Project>
  <Project Path="Shared/Shared.vbproj">
    <Platform Solution="*|x64" Project="x64" />
  </Project>
</Solution>
